
Microsoft Visual Studio Solution File, Format Version 12.00
Project("{FAE04EC0-301F-11D3-BF4B-00C04F79EFBC}") = "SocialNetwork", "SocialNetwork\SocialNetwork.csproj", "{A7233997-1FA6-4C70-911E-C3A3E097822E}"
EndProject
Global
	GlobalSection(SolutionConfigurationPlatforms) = preSolution
		Debug|Any CPU = Debug|Any CPU
		Release|Any CPU = Release|Any CPU
	EndGlobalSection
	GlobalSection(ProjectConfigurationPlatforms) = postSolution
		{A7233997-1FA6-4C70-911E-C3A3E097822E}.Debug|Any CPU.ActiveCfg = Debug|Any CPU
		{A7233997-1FA6-4C70-911E-C3A3E097822E}.Debug|Any CPU.Build.0 = Debug|Any CPU
		{A7233997-1FA6-4C70-911E-C3A3E097822E}.Release|Any CPU.ActiveCfg = Release|Any CPU
		{A7233997-1FA6-4C70-911E-C3A3E097822E}.Release|Any CPU.Build.0 = Release|Any CPU
	EndGlobalSection
EndGlobal
